
Microsoft Visual Studio Solution File, Format Version 12.00
# TcXaeShell Solution File, Format Version 11.00
VisualStudioVersion = 17.10.35827.194
MinimumVisualStudioVersion = 10.0.40219.1
Project("{B1E792BE-AA5F-4E3C-8C82-674BF9C0715B}") = "VDS_Skid", "VDS_Skid.tsproj", "{42BEA4A0-2A5D-42B0-8B5D-0AA58ACA7AF2}"
EndProject
Project("{FE7A1B72-C5B7-4D7C-BB7D-76384D4DE8E1}") = "VDS_HMI", "..\VDS_HMI\VDS_HMI.hmiproj", "{1F8E5618-D6DD-4A1B-874B-599942D6B363}"
EndProject
Global
	GlobalSection(SolutionConfigurationPlatforms) = preSolution
		Debug|TwinCAT HMI = Debug|TwinCAT HMI
		Debug|TwinCAT OS (ARMV7-A) = Debug|TwinCAT OS (ARMV7-A)
		Debug|TwinCAT OS (ARMV7-M) = Debug|TwinCAT OS (ARMV7-M)
		Debug|TwinCAT OS (ARMV8-A) = Debug|TwinCAT OS (ARMV8-A)
		Debug|TwinCAT OS (x64) = Debug|TwinCAT OS (x64)
		Debug|TwinCAT OS (x64-E) = Debug|TwinCAT OS (x64-E)
		Debug|TwinCAT RT (x64) = Debug|TwinCAT RT (x64)
		Debug|TwinCAT RT (x86) = Debug|TwinCAT RT (x86)
		Release|TwinCAT HMI = Release|TwinCAT HMI
		Release|TwinCAT OS (ARMV7-A) = Release|TwinCAT OS (ARMV7-A)
		Release|TwinCAT OS (ARMV7-M) = Release|TwinCAT OS (ARMV7-M)
		Release|TwinCAT OS (ARMV8-A) = Release|TwinCAT OS (ARMV8-A)
		Release|TwinCAT OS (x64) = Release|TwinCAT OS (x64)
		Release|TwinCAT OS (x64-E) = Release|TwinCAT OS (x64-E)
		Release|TwinCAT RT (x64) = Release|TwinCAT RT (x64)
		Release|TwinCAT RT (x86) = Release|TwinCAT RT (x86)
	EndGlobalSection
	GlobalSection(ProjectConfigurationPlatforms) = postSolution
		{42BEA4A0-2A5D-42B0-8B5D-0AA58ACA7AF2}.Debug|TwinCAT HMI.ActiveCfg = Debug|TwinCAT RT (x86)
		{42BEA4A0-2A5D-42B0-8B5D-0AA58ACA7AF2}.Debug|TwinCAT HMI.Build.0 = Debug|TwinCAT RT (x86)
		{42BEA4A0-2A5D-42B0-8B5D-0AA58ACA7AF2}.Debug|TwinCAT OS (ARMV7-A).ActiveCfg = Debug|TwinCAT OS (ARMV7-A)
		{42BEA4A0-2A5D-42B0-8B5D-0AA58ACA7AF2}.Debug|TwinCAT OS (ARMV7-A).Build.0 = Debug|TwinCAT OS (ARMV7-A)
		{42BEA4A0-2A5D-42B0-8B5D-0AA58ACA7AF2}.Debug|TwinCAT OS (ARMV7-M).ActiveCfg = Debug|TwinCAT OS (ARMV7-M)
		{42BEA4A0-2A5D-42B0-8B5D-0AA58ACA7AF2}.Debug|TwinCAT OS (ARMV7-M).Build.0 = Debug|TwinCAT OS (ARMV7-M)
		{42BEA4A0-2A5D-42B0-8B5D-0AA58ACA7AF2}.Debug|TwinCAT OS (ARMV8-A).ActiveCfg = Debug|TwinCAT OS (ARMV8-A)
		{42BEA4A0-2A5D-42B0-8B5D-0AA58ACA7AF2}.Debug|TwinCAT OS (ARMV8-A).Build.0 = Debug|TwinCAT OS (ARMV8-A)
		{42BEA4A0-2A5D-42B0-8B5D-0AA58ACA7AF2}.Debug|TwinCAT OS (x64).ActiveCfg = Debug|TwinCAT OS (x64)
		{42BEA4A0-2A5D-42B0-8B5D-0AA58ACA7AF2}.Debug|TwinCAT OS (x64).Build.0 = Debug|TwinCAT OS (x64)
		{42BEA4A0-2A5D-42B0-8B5D-0AA58ACA7AF2}.Debug|TwinCAT OS (x64-E).ActiveCfg = Debug|TwinCAT OS (x64-E)
		{42BEA4A0-2A5D-42B0-8B5D-0AA58ACA7AF2}.Debug|TwinCAT OS (x64-E).Build.0 = Debug|TwinCAT OS (x64-E)
		{42BEA4A0-2A5D-42B0-8B5D-0AA58ACA7AF2}.Debug|TwinCAT RT (x64).ActiveCfg = Debug|TwinCAT RT (x64)
		{42BEA4A0-2A5D-42B0-8B5D-0AA58ACA7AF2}.Debug|TwinCAT RT (x64).Build.0 = Debug|TwinCAT RT (x64)
		{42BEA4A0-2A5D-42B0-8B5D-0AA58ACA7AF2}.Debug|TwinCAT RT (x86).ActiveCfg = Debug|TwinCAT RT (x86)
		{42BEA4A0-2A5D-42B0-8B5D-0AA58ACA7AF2}.Debug|TwinCAT RT (x86).Build.0 = Debug|TwinCAT RT (x86)
		{42BEA4A0-2A5D-42B0-8B5D-0AA58ACA7AF2}.Release|TwinCAT HMI.ActiveCfg = Release|TwinCAT RT (x86)
		{42BEA4A0-2A5D-42B0-8B5D-0AA58ACA7AF2}.Release|TwinCAT HMI.Build.0 = Release|TwinCAT RT (x86)
		{42BEA4A0-2A5D-42B0-8B5D-0AA58ACA7AF2}.Release|TwinCAT OS (ARMV7-A).ActiveCfg = Release|TwinCAT OS (ARMV7-A)
		{42BEA4A0-2A5D-42B0-8B5D-0AA58ACA7AF2}.Release|TwinCAT OS (ARMV7-A).Build.0 = Release|TwinCAT OS (ARMV7-A)
		{42BEA4A0-2A5D-42B0-8B5D-0AA58ACA7AF2}.Release|TwinCAT OS (ARMV7-M).ActiveCfg = Release|TwinCAT OS (ARMV7-M)
		{42BEA4A0-2A5D-42B0-8B5D-0AA58ACA7AF2}.Release|TwinCAT OS (ARMV7-M).Build.0 = Release|TwinCAT OS (ARMV7-M)
		{42BEA4A0-2A5D-42B0-8B5D-0AA58ACA7AF2}.Release|TwinCAT OS (ARMV8-A).ActiveCfg = Release|TwinCAT OS (ARMV8-A)
		{42BEA4A0-2A5D-42B0-8B5D-0AA58ACA7AF2}.Release|TwinCAT OS (ARMV8-A).Build.0 = Release|TwinCAT OS (ARMV8-A)
		{42BEA4A0-2A5D-42B0-8B5D-0AA58ACA7AF2}.Release|TwinCAT OS (x64).ActiveCfg = Release|TwinCAT OS (x64)
		{42BEA4A0-2A5D-42B0-8B5D-0AA58ACA7AF2}.Release|TwinCAT OS (x64).Build.0 = Release|TwinCAT OS (x64)
		{42BEA4A0-2A5D-42B0-8B5D-0AA58ACA7AF2}.Release|TwinCAT OS (x64-E).ActiveCfg = Release|TwinCAT OS (x64-E)
		{42BEA4A0-2A5D-42B0-8B5D-0AA58ACA7AF2}.Release|TwinCAT OS (x64-E).Build.0 = Release|TwinCAT OS (x64-E)
		{42BEA4A0-2A5D-42B0-8B5D-0AA58ACA7AF2}.Release|TwinCAT RT (x64).ActiveCfg = Release|TwinCAT RT (x64)
		{42BEA4A0-2A5D-42B0-8B5D-0AA58ACA7AF2}.Release|TwinCAT RT (x64).Build.0 = Release|TwinCAT RT (x64)
		{42BEA4A0-2A5D-42B0-8B5D-0AA58ACA7AF2}.Release|TwinCAT RT (x86).ActiveCfg = Release|TwinCAT RT (x86)
		{42BEA4A0-2A5D-42B0-8B5D-0AA58ACA7AF2}.Release|TwinCAT RT (x86).Build.0 = Release|TwinCAT RT (x86)
		{1F8E5618-D6DD-4A1B-874B-599942D6B363}.Debug|TwinCAT HMI.ActiveCfg = Debug|TwinCAT HMI
		{1F8E5618-D6DD-4A1B-874B-599942D6B363}.Debug|TwinCAT HMI.Build.0 = Debug|TwinCAT HMI
		{1F8E5618-D6DD-4A1B-874B-599942D6B363}.Debug|TwinCAT OS (ARMV7-A).ActiveCfg = Debug|TwinCAT HMI
		{1F8E5618-D6DD-4A1B-874B-599942D6B363}.Debug|TwinCAT OS (ARMV7-A).Build.0 = Debug|TwinCAT HMI
		{1F8E5618-D6DD-4A1B-874B-599942D6B363}.Debug|TwinCAT OS (ARMV7-M).ActiveCfg = Debug|TwinCAT HMI
		{1F8E5618-D6DD-4A1B-874B-599942D6B363}.Debug|TwinCAT OS (ARMV7-M).Build.0 = Debug|TwinCAT HMI
		{1F8E5618-D6DD-4A1B-874B-599942D6B363}.Debug|TwinCAT OS (ARMV8-A).ActiveCfg = Debug|TwinCAT HMI
		{1F8E5618-D6DD-4A1B-874B-599942D6B363}.Debug|TwinCAT OS (ARMV8-A).Build.0 = Debug|TwinCAT HMI
		{1F8E5618-D6DD-4A1B-874B-599942D6B363}.Debug|TwinCAT OS (x64).ActiveCfg = Debug|TwinCAT HMI
		{1F8E5618-D6DD-4A1B-874B-599942D6B363}.Debug|TwinCAT OS (x64).Build.0 = Debug|TwinCAT HMI
		{1F8E5618-D6DD-4A1B-874B-599942D6B363}.Debug|TwinCAT OS (x64-E).ActiveCfg = Debug|TwinCAT HMI
		{1F8E5618-D6DD-4A1B-874B-599942D6B363}.Debug|TwinCAT OS (x64-E).Build.0 = Debug|TwinCAT HMI
		{1F8E5618-D6DD-4A1B-874B-599942D6B363}.Debug|TwinCAT RT (x64).ActiveCfg = Debug|TwinCAT HMI
		{1F8E5618-D6DD-4A1B-874B-599942D6B363}.Debug|TwinCAT RT (x64).Build.0 = Debug|TwinCAT HMI
		{1F8E5618-D6DD-4A1B-874B-599942D6B363}.Debug|TwinCAT RT (x86).ActiveCfg = Debug|TwinCAT HMI
		{1F8E5618-D6DD-4A1B-874B-599942D6B363}.Debug|TwinCAT RT (x86).Build.0 = Debug|TwinCAT HMI
		{1F8E5618-D6DD-4A1B-874B-599942D6B363}.Release|TwinCAT HMI.ActiveCfg = Release|TwinCAT HMI
		{1F8E5618-D6DD-4A1B-874B-599942D6B363}.Release|TwinCAT HMI.Build.0 = Release|TwinCAT HMI
		{1F8E5618-D6DD-4A1B-874B-599942D6B363}.Release|TwinCAT OS (ARMV7-A).ActiveCfg = Release|TwinCAT HMI
		{1F8E5618-D6DD-4A1B-874B-599942D6B363}.Release|TwinCAT OS (ARMV7-A).Build.0 = Release|TwinCAT HMI
		{1F8E5618-D6DD-4A1B-874B-599942D6B363}.Release|TwinCAT OS (ARMV7-M).ActiveCfg = Release|TwinCAT HMI
		{1F8E5618-D6DD-4A1B-874B-599942D6B363}.Release|TwinCAT OS (ARMV7-M).Build.0 = Release|TwinCAT HMI
		{1F8E5618-D6DD-4A1B-874B-599942D6B363}.Release|TwinCAT OS (ARMV8-A).ActiveCfg = Release|TwinCAT HMI
		{1F8E5618-D6DD-4A1B-874B-599942D6B363}.Release|TwinCAT OS (ARMV8-A).Build.0 = Release|TwinCAT HMI
		{1F8E5618-D6DD-4A1B-874B-599942D6B363}.Release|TwinCAT OS (x64).ActiveCfg = Release|TwinCAT HMI
		{1F8E5618-D6DD-4A1B-874B-599942D6B363}.Release|TwinCAT OS (x64).Build.0 = Release|TwinCAT HMI
		{1F8E5618-D6DD-4A1B-874B-599942D6B363}.Release|TwinCAT OS (x64-E).ActiveCfg = Release|TwinCAT HMI
		{1F8E5618-D6DD-4A1B-874B-599942D6B363}.Release|TwinCAT OS (x64-E).Build.0 = Release|TwinCAT HMI
		{1F8E5618-D6DD-4A1B-874B-599942D6B363}.Release|TwinCAT RT (x64).ActiveCfg = Release|TwinCAT HMI
		{1F8E5618-D6DD-4A1B-874B-599942D6B363}.Release|TwinCAT RT (x64).Build.0 = Release|TwinCAT HMI
		{1F8E5618-D6DD-4A1B-874B-599942D6B363}.Release|TwinCAT RT (x86).ActiveCfg = Release|TwinCAT HMI
		{1F8E5618-D6DD-4A1B-874B-599942D6B363}.Release|TwinCAT RT (x86).Build.0 = Release|TwinCAT HMI
		{1BDDBF17-E3DF-48D5-96F0-7F6C0205F469}.Debug|TwinCAT HMI.ActiveCfg = Debug|TwinCAT RT (x86)
		{1BDDBF17-E3DF-48D5-96F0-7F6C0205F469}.Debug|TwinCAT HMI.Build.0 = Debug|TwinCAT RT (x86)
		{1BDDBF17-E3DF-48D5-96F0-7F6C0205F469}.Debug|TwinCAT OS (ARMV7-A).ActiveCfg = Debug|TwinCAT OS (ARMV7-A)
		{1BDDBF17-E3DF-48D5-96F0-7F6C0205F469}.Debug|TwinCAT OS (ARMV7-A).Build.0 = Debug|TwinCAT OS (ARMV7-A)
		{1BDDBF17-E3DF-48D5-96F0-7F6C0205F469}.Debug|TwinCAT OS (ARMV7-M).ActiveCfg = Debug|TwinCAT OS (ARMV7-M)
		{1BDDBF17-E3DF-48D5-96F0-7F6C0205F469}.Debug|TwinCAT OS (ARMV7-M).Build.0 = Debug|TwinCAT OS (ARMV7-M)
		{1BDDBF17-E3DF-48D5-96F0-7F6C0205F469}.Debug|TwinCAT OS (ARMV8-A).ActiveCfg = Debug|TwinCAT OS (ARMV8-A)
		{1BDDBF17-E3DF-48D5-96F0-7F6C0205F469}.Debug|TwinCAT OS (ARMV8-A).Build.0 = Debug|TwinCAT OS (ARMV8-A)
		{1BDDBF17-E3DF-48D5-96F0-7F6C0205F469}.Debug|TwinCAT OS (x64).ActiveCfg = Debug|TwinCAT OS (x64)
		{1BDDBF17-E3DF-48D5-96F0-7F6C0205F469}.Debug|TwinCAT OS (x64).Build.0 = Debug|TwinCAT OS (x64)
		{1BDDBF17-E3DF-48D5-96F0-7F6C0205F469}.Debug|TwinCAT OS (x64-E).ActiveCfg = Debug|TwinCAT OS (x64-E)
		{1BDDBF17-E3DF-48D5-96F0-7F6C0205F469}.Debug|TwinCAT OS (x64-E).Build.0 = Debug|TwinCAT OS (x64-E)
		{1BDDBF17-E3DF-48D5-96F0-7F6C0205F469}.Debug|TwinCAT RT (x64).ActiveCfg = Debug|TwinCAT RT (x64)
		{1BDDBF17-E3DF-48D5-96F0-7F6C0205F469}.Debug|TwinCAT RT (x64).Build.0 = Debug|TwinCAT RT (x64)
		{1BDDBF17-E3DF-48D5-96F0-7F6C0205F469}.Debug|TwinCAT RT (x86).ActiveCfg = Debug|TwinCAT RT (x86)
		{1BDDBF17-E3DF-48D5-96F0-7F6C0205F469}.Debug|TwinCAT RT (x86).Build.0 = Debug|TwinCAT RT (x86)
		{1BDDBF17-E3DF-48D5-96F0-7F6C0205F469}.Release|TwinCAT HMI.ActiveCfg = Release|TwinCAT RT (x86)
		{1BDDBF17-E3DF-48D5-96F0-7F6C0205F469}.Release|TwinCAT HMI.Build.0 = Release|TwinCAT RT (x86)
		{1BDDBF17-E3DF-48D5-96F0-7F6C0205F469}.Release|TwinCAT OS (ARMV7-A).ActiveCfg = Release|TwinCAT OS (ARMV7-A)
		{1BDDBF17-E3DF-48D5-96F0-7F6C0205F469}.Release|TwinCAT OS (ARMV7-A).Build.0 = Release|TwinCAT OS (ARMV7-A)
		{1BDDBF17-E3DF-48D5-96F0-7F6C0205F469}.Release|TwinCAT OS (ARMV7-M).ActiveCfg = Release|TwinCAT OS (ARMV7-M)
		{1BDDBF17-E3DF-48D5-96F0-7F6C0205F469}.Release|TwinCAT OS (ARMV7-M).Build.0 = Release|TwinCAT OS (ARMV7-M)
		{1BDDBF17-E3DF-48D5-96F0-7F6C0205F469}.Release|TwinCAT OS (ARMV8-A).ActiveCfg = Release|TwinCAT OS (ARMV8-A)
		{1BDDBF17-E3DF-48D5-96F0-7F6C0205F469}.Release|TwinCAT OS (ARMV8-A).Build.0 = Release|TwinCAT OS (ARMV8-A)
		{1BDDBF17-E3DF-48D5-96F0-7F6C0205F469}.Release|TwinCAT OS (x64).ActiveCfg = Release|TwinCAT OS (x64)
		{1BDDBF17-E3DF-48D5-96F0-7F6C0205F469}.Release|TwinCAT OS (x64).Build.0 = Release|TwinCAT OS (x64)
		{1BDDBF17-E3DF-48D5-96F0-7F6C0205F469}.Release|TwinCAT OS (x64-E).ActiveCfg = Release|TwinCAT OS (x64-E)
		{1BDDBF17-E3DF-48D5-96F0-7F6C0205F469}.Release|TwinCAT OS (x64-E).Build.0 = Release|TwinCAT OS (x64-E)
		{1BDDBF17-E3DF-48D5-96F0-7F6C0205F469}.Release|TwinCAT RT (x64).ActiveCfg = Release|TwinCAT RT (x64)
		{1BDDBF17-E3DF-48D5-96F0-7F6C0205F469}.Release|TwinCAT RT (x64).Build.0 = Release|TwinCAT RT (x64)
		{1BDDBF17-E3DF-48D5-96F0-7F6C0205F469}.Release|TwinCAT RT (x86).ActiveCfg = Release|TwinCAT RT (x86)
		{1BDDBF17-E3DF-48D5-96F0-7F6C0205F469}.Release|TwinCAT RT (x86).Build.0 = Release|TwinCAT RT (x86)
	EndGlobalSection
	GlobalSection(SolutionProperties) = preSolution
		HideSolutionNode = FALSE
	EndGlobalSection
	GlobalSection(ExtensibilityGlobals) = postSolution
		SolutionGuid = {58DEA87E-93C0-4A75-9670-821D4AD0DB27}
	EndGlobalSection
EndGlobal
