
Microsoft Visual Studio Solution File, Format Version 12.00
# TcXaeShell Solution File, Format Version 11.00
VisualStudioVersion = 17.10.35827.194
MinimumVisualStudioVersion = 10.0.40219.1
Project("{B1E792BE-AA5F-4E3C-8C82-674BF9C0715B}") = "VDS_Skid", "VDS_Skid.tsproj", "{42BEA4A0-2A5D-42B0-8B5D-0AA58ACA7AF2}"
EndProject
Project("{BACAAE27-5D5D-4513-97FF-0FED82FEF961}") = "Connectivity Project", "..\Connectivity Project\Connectivity Project.tcconnproj", "{34C41433-FE3B-433F-8617-CC8C9F3F275D}"
EndProject
Global
	GlobalSection(SolutionConfigurationPlatforms) = preSolution
		Debug|TwinCAT CE7 (ARMV7) = Debug|TwinCAT CE7 (ARMV7)
		Debug|TwinCAT HMI = Debug|TwinCAT HMI
		Debug|TwinCAT OS (ARMT2) = Debug|TwinCAT OS (ARMT2)
		Debug|TwinCAT OS (ARMV7-A) = Debug|TwinCAT OS (ARMV7-A)
		Debug|TwinCAT OS (ARMV7-M) = Debug|TwinCAT OS (ARMV7-M)
		Debug|TwinCAT OS (ARMV8-A) = Debug|TwinCAT OS (ARMV8-A)
		Debug|TwinCAT OS (x64) = Debug|TwinCAT OS (x64)
		Debug|TwinCAT OS (x64-E) = Debug|TwinCAT OS (x64-E)
		Debug|TwinCAT RT (x64) = Debug|TwinCAT RT (x64)
		Debug|TwinCAT RT (x86) = Debug|TwinCAT RT (x86)
		Release|TwinCAT CE7 (ARMV7) = Release|TwinCAT CE7 (ARMV7)
		Release|TwinCAT HMI = Release|TwinCAT HMI
		Release|TwinCAT OS (ARMT2) = Release|TwinCAT OS (ARMT2)
		Release|TwinCAT OS (ARMV7-A) = Release|TwinCAT OS (ARMV7-A)
		Release|TwinCAT OS (ARMV7-M) = Release|TwinCAT OS (ARMV7-M)
		Release|TwinCAT OS (ARMV8-A) = Release|TwinCAT OS (ARMV8-A)
		Release|TwinCAT OS (x64) = Release|TwinCAT OS (x64)
		Release|TwinCAT OS (x64-E) = Release|TwinCAT OS (x64-E)
		Release|TwinCAT RT (x64) = Release|TwinCAT RT (x64)
		Release|TwinCAT RT (x86) = Release|TwinCAT RT (x86)
	EndGlobalSection
	GlobalSection(ProjectConfigurationPlatforms) = postSolution
		{42BEA4A0-2A5D-42B0-8B5D-0AA58ACA7AF2}.Debug|TwinCAT CE7 (ARMV7).ActiveCfg = Debug|TwinCAT OS (ARMV8-A)
		{42BEA4A0-2A5D-42B0-8B5D-0AA58ACA7AF2}.Debug|TwinCAT CE7 (ARMV7).Build.0 = Debug|TwinCAT OS (ARMV8-A)
		{42BEA4A0-2A5D-42B0-8B5D-0AA58ACA7AF2}.Debug|TwinCAT HMI.ActiveCfg = Debug|TwinCAT RT (x64)
		{42BEA4A0-2A5D-42B0-8B5D-0AA58ACA7AF2}.Debug|TwinCAT HMI.Build.0 = Debug|TwinCAT RT (x64)
		{42BEA4A0-2A5D-42B0-8B5D-0AA58ACA7AF2}.Debug|TwinCAT OS (ARMT2).ActiveCfg = Debug|TwinCAT OS (x64-E)
		{42BEA4A0-2A5D-42B0-8B5D-0AA58ACA7AF2}.Debug|TwinCAT OS (ARMT2).Build.0 = Debug|TwinCAT OS (x64-E)
		{42BEA4A0-2A5D-42B0-8B5D-0AA58ACA7AF2}.Debug|TwinCAT OS (ARMV7-A).ActiveCfg = Debug|TwinCAT OS (ARMV7-A)
		{42BEA4A0-2A5D-42B0-8B5D-0AA58ACA7AF2}.Debug|TwinCAT OS (ARMV7-A).Build.0 = Debug|TwinCAT OS (ARMV7-A)
		{42BEA4A0-2A5D-42B0-8B5D-0AA58ACA7AF2}.Debug|TwinCAT OS (ARMV7-M).ActiveCfg = Debug|TwinCAT OS (ARMV7-M)
		{42BEA4A0-2A5D-42B0-8B5D-0AA58ACA7AF2}.Debug|TwinCAT OS (ARMV7-M).Build.0 = Debug|TwinCAT OS (ARMV7-M)
		{42BEA4A0-2A5D-42B0-8B5D-0AA58ACA7AF2}.Debug|TwinCAT OS (ARMV8-A).ActiveCfg = Debug|TwinCAT OS (ARMV8-A)
		{42BEA4A0-2A5D-42B0-8B5D-0AA58ACA7AF2}.Debug|TwinCAT OS (ARMV8-A).Build.0 = Debug|TwinCAT OS (ARMV8-A)
		{42BEA4A0-2A5D-42B0-8B5D-0AA58ACA7AF2}.Debug|TwinCAT OS (x64).ActiveCfg = Debug|TwinCAT OS (x64)
		{42BEA4A0-2A5D-42B0-8B5D-0AA58ACA7AF2}.Debug|TwinCAT OS (x64).Build.0 = Debug|TwinCAT OS (x64)
		{42BEA4A0-2A5D-42B0-8B5D-0AA58ACA7AF2}.Debug|TwinCAT OS (x64-E).ActiveCfg = Debug|TwinCAT OS (x64-E)
		{42BEA4A0-2A5D-42B0-8B5D-0AA58ACA7AF2}.Debug|TwinCAT OS (x64-E).Build.0 = Debug|TwinCAT OS (x64-E)
		{42BEA4A0-2A5D-42B0-8B5D-0AA58ACA7AF2}.Debug|TwinCAT RT (x64).ActiveCfg = Debug|TwinCAT RT (x64)
		{42BEA4A0-2A5D-42B0-8B5D-0AA58ACA7AF2}.Debug|TwinCAT RT (x64).Build.0 = Debug|TwinCAT RT (x64)
		{42BEA4A0-2A5D-42B0-8B5D-0AA58ACA7AF2}.Debug|TwinCAT RT (x86).ActiveCfg = Debug|TwinCAT RT (x86)
		{42BEA4A0-2A5D-42B0-8B5D-0AA58ACA7AF2}.Debug|TwinCAT RT (x86).Build.0 = Debug|TwinCAT RT (x86)
		{42BEA4A0-2A5D-42B0-8B5D-0AA58ACA7AF2}.Release|TwinCAT CE7 (ARMV7).ActiveCfg = Release|TwinCAT OS (ARMV8-A)
		{42BEA4A0-2A5D-42B0-8B5D-0AA58ACA7AF2}.Release|TwinCAT CE7 (ARMV7).Build.0 = Release|TwinCAT OS (ARMV8-A)
		{42BEA4A0-2A5D-42B0-8B5D-0AA58ACA7AF2}.Release|TwinCAT HMI.ActiveCfg = Release|TwinCAT RT (x64)
		{42BEA4A0-2A5D-42B0-8B5D-0AA58ACA7AF2}.Release|TwinCAT HMI.Build.0 = Release|TwinCAT RT (x64)
		{42BEA4A0-2A5D-42B0-8B5D-0AA58ACA7AF2}.Release|TwinCAT OS (ARMT2).ActiveCfg = Release|TwinCAT OS (x64-E)
		{42BEA4A0-2A5D-42B0-8B5D-0AA58ACA7AF2}.Release|TwinCAT OS (ARMT2).Build.0 = Release|TwinCAT OS (x64-E)
		{42BEA4A0-2A5D-42B0-8B5D-0AA58ACA7AF2}.Release|TwinCAT OS (ARMV7-A).ActiveCfg = Release|TwinCAT OS (ARMV7-A)
		{42BEA4A0-2A5D-42B0-8B5D-0AA58ACA7AF2}.Release|TwinCAT OS (ARMV7-A).Build.0 = Release|TwinCAT OS (ARMV7-A)
		{42BEA4A0-2A5D-42B0-8B5D-0AA58ACA7AF2}.Release|TwinCAT OS (ARMV7-M).ActiveCfg = Release|TwinCAT OS (ARMV7-M)
		{42BEA4A0-2A5D-42B0-8B5D-0AA58ACA7AF2}.Release|TwinCAT OS (ARMV7-M).Build.0 = Release|TwinCAT OS (ARMV7-M)
		{42BEA4A0-2A5D-42B0-8B5D-0AA58ACA7AF2}.Release|TwinCAT OS (ARMV8-A).ActiveCfg = Release|TwinCAT OS (ARMV8-A)
		{42BEA4A0-2A5D-42B0-8B5D-0AA58ACA7AF2}.Release|TwinCAT OS (ARMV8-A).Build.0 = Release|TwinCAT OS (ARMV8-A)
		{42BEA4A0-2A5D-42B0-8B5D-0AA58ACA7AF2}.Release|TwinCAT OS (x64).ActiveCfg = Release|TwinCAT OS (x64)
		{42BEA4A0-2A5D-42B0-8B5D-0AA58ACA7AF2}.Release|TwinCAT OS (x64).Build.0 = Release|TwinCAT OS (x64)
		{42BEA4A0-2A5D-42B0-8B5D-0AA58ACA7AF2}.Release|TwinCAT OS (x64-E).ActiveCfg = Release|TwinCAT OS (x64-E)
		{42BEA4A0-2A5D-42B0-8B5D-0AA58ACA7AF2}.Release|TwinCAT OS (x64-E).Build.0 = Release|TwinCAT OS (x64-E)
		{42BEA4A0-2A5D-42B0-8B5D-0AA58ACA7AF2}.Release|TwinCAT RT (x64).ActiveCfg = Release|TwinCAT RT (x64)
		{42BEA4A0-2A5D-42B0-8B5D-0AA58ACA7AF2}.Release|TwinCAT RT (x64).Build.0 = Release|TwinCAT RT (x64)
		{42BEA4A0-2A5D-42B0-8B5D-0AA58ACA7AF2}.Release|TwinCAT RT (x86).ActiveCfg = Release|TwinCAT RT (x86)
		{42BEA4A0-2A5D-42B0-8B5D-0AA58ACA7AF2}.Release|TwinCAT RT (x86).Build.0 = Release|TwinCAT RT (x86)
		{34C41433-FE3B-433F-8617-CC8C9F3F275D}.Debug|TwinCAT CE7 (ARMV7).ActiveCfg = Debug|TwinCAT CE7 (ARMV7)
		{34C41433-FE3B-433F-8617-CC8C9F3F275D}.Debug|TwinCAT HMI.ActiveCfg = Debug|TwinCAT RT (x86)
		{34C41433-FE3B-433F-8617-CC8C9F3F275D}.Debug|TwinCAT OS (ARMT2).ActiveCfg = Debug|TwinCAT OS (ARMT2)
		{34C41433-FE3B-433F-8617-CC8C9F3F275D}.Debug|TwinCAT OS (ARMV7-A).ActiveCfg = Debug|TwinCAT CE7 (ARMV7)
		{34C41433-FE3B-433F-8617-CC8C9F3F275D}.Debug|TwinCAT OS (ARMV7-M).ActiveCfg = Debug|TwinCAT CE7 (ARMV7)
		{34C41433-FE3B-433F-8617-CC8C9F3F275D}.Debug|TwinCAT OS (ARMV8-A).ActiveCfg = Debug|TwinCAT CE7 (ARMV7)
		{34C41433-FE3B-433F-8617-CC8C9F3F275D}.Debug|TwinCAT OS (x64).ActiveCfg = Debug|TwinCAT OS (x64)
		{34C41433-FE3B-433F-8617-CC8C9F3F275D}.Debug|TwinCAT OS (x64-E).ActiveCfg = Debug|TwinCAT CE7 (ARMV7)
		{34C41433-FE3B-433F-8617-CC8C9F3F275D}.Debug|TwinCAT RT (x64).ActiveCfg = Debug|TwinCAT RT (x64)
		{34C41433-FE3B-433F-8617-CC8C9F3F275D}.Debug|TwinCAT RT (x86).ActiveCfg = Debug|TwinCAT RT (x86)
		{34C41433-FE3B-433F-8617-CC8C9F3F275D}.Release|TwinCAT CE7 (ARMV7).ActiveCfg = Release|TwinCAT CE7 (ARMV7)
		{34C41433-FE3B-433F-8617-CC8C9F3F275D}.Release|TwinCAT HMI.ActiveCfg = Release|TwinCAT RT (x86)
		{34C41433-FE3B-433F-8617-CC8C9F3F275D}.Release|TwinCAT OS (ARMT2).ActiveCfg = Release|TwinCAT OS (ARMT2)
		{34C41433-FE3B-433F-8617-CC8C9F3F275D}.Release|TwinCAT OS (ARMV7-A).ActiveCfg = Release|TwinCAT CE7 (ARMV7)
		{34C41433-FE3B-433F-8617-CC8C9F3F275D}.Release|TwinCAT OS (ARMV7-M).ActiveCfg = Release|TwinCAT CE7 (ARMV7)
		{34C41433-FE3B-433F-8617-CC8C9F3F275D}.Release|TwinCAT OS (ARMV8-A).ActiveCfg = Release|TwinCAT CE7 (ARMV7)
		{34C41433-FE3B-433F-8617-CC8C9F3F275D}.Release|TwinCAT OS (x64).ActiveCfg = Release|TwinCAT OS (x64)
		{34C41433-FE3B-433F-8617-CC8C9F3F275D}.Release|TwinCAT OS (x64-E).ActiveCfg = Release|TwinCAT CE7 (ARMV7)
		{34C41433-FE3B-433F-8617-CC8C9F3F275D}.Release|TwinCAT RT (x64).ActiveCfg = Release|TwinCAT RT (x64)
		{34C41433-FE3B-433F-8617-CC8C9F3F275D}.Release|TwinCAT RT (x86).ActiveCfg = Release|TwinCAT RT (x86)
		{1BDDBF17-E3DF-48D5-96F0-7F6C0205F469}.Debug|TwinCAT CE7 (ARMV7).ActiveCfg = Debug|TwinCAT OS (ARMV8-A)
		{1BDDBF17-E3DF-48D5-96F0-7F6C0205F469}.Debug|TwinCAT CE7 (ARMV7).Build.0 = Debug|TwinCAT OS (ARMV8-A)
		{1BDDBF17-E3DF-48D5-96F0-7F6C0205F469}.Debug|TwinCAT HMI.ActiveCfg = Debug|TwinCAT RT (x64)
		{1BDDBF17-E3DF-48D5-96F0-7F6C0205F469}.Debug|TwinCAT HMI.Build.0 = Debug|TwinCAT RT (x64)
		{1BDDBF17-E3DF-48D5-96F0-7F6C0205F469}.Debug|TwinCAT OS (ARMT2).ActiveCfg = Debug|TwinCAT OS (x64-E)
		{1BDDBF17-E3DF-48D5-96F0-7F6C0205F469}.Debug|TwinCAT OS (ARMT2).Build.0 = Debug|TwinCAT OS (x64-E)
		{1BDDBF17-E3DF-48D5-96F0-7F6C0205F469}.Debug|TwinCAT OS (ARMV7-A).ActiveCfg = Debug|TwinCAT OS (ARMV7-A)
		{1BDDBF17-E3DF-48D5-96F0-7F6C0205F469}.Debug|TwinCAT OS (ARMV7-A).Build.0 = Debug|TwinCAT OS (ARMV7-A)
		{1BDDBF17-E3DF-48D5-96F0-7F6C0205F469}.Debug|TwinCAT OS (ARMV7-M).ActiveCfg = Debug|TwinCAT OS (ARMV7-M)
		{1BDDBF17-E3DF-48D5-96F0-7F6C0205F469}.Debug|TwinCAT OS (ARMV7-M).Build.0 = Debug|TwinCAT OS (ARMV7-M)
		{1BDDBF17-E3DF-48D5-96F0-7F6C0205F469}.Debug|TwinCAT OS (ARMV8-A).ActiveCfg = Debug|TwinCAT OS (ARMV8-A)
		{1BDDBF17-E3DF-48D5-96F0-7F6C0205F469}.Debug|TwinCAT OS (ARMV8-A).Build.0 = Debug|TwinCAT OS (ARMV8-A)
		{1BDDBF17-E3DF-48D5-96F0-7F6C0205F469}.Debug|TwinCAT OS (x64).ActiveCfg = Debug|TwinCAT OS (x64)
		{1BDDBF17-E3DF-48D5-96F0-7F6C0205F469}.Debug|TwinCAT OS (x64).Build.0 = Debug|TwinCAT OS (x64)
		{1BDDBF17-E3DF-48D5-96F0-7F6C0205F469}.Debug|TwinCAT OS (x64-E).ActiveCfg = Debug|TwinCAT OS (x64-E)
		{1BDDBF17-E3DF-48D5-96F0-7F6C0205F469}.Debug|TwinCAT OS (x64-E).Build.0 = Debug|TwinCAT OS (x64-E)
		{1BDDBF17-E3DF-48D5-96F0-7F6C0205F469}.Debug|TwinCAT RT (x64).ActiveCfg = Debug|TwinCAT RT (x64)
		{1BDDBF17-E3DF-48D5-96F0-7F6C0205F469}.Debug|TwinCAT RT (x64).Build.0 = Debug|TwinCAT RT (x64)
		{1BDDBF17-E3DF-48D5-96F0-7F6C0205F469}.Debug|TwinCAT RT (x86).ActiveCfg = Debug|TwinCAT RT (x86)
		{1BDDBF17-E3DF-48D5-96F0-7F6C0205F469}.Debug|TwinCAT RT (x86).Build.0 = Debug|TwinCAT RT (x86)
		{1BDDBF17-E3DF-48D5-96F0-7F6C0205F469}.Release|TwinCAT CE7 (ARMV7).ActiveCfg = Release|TwinCAT OS (ARMV8-A)
		{1BDDBF17-E3DF-48D5-96F0-7F6C0205F469}.Release|TwinCAT CE7 (ARMV7).Build.0 = Release|TwinCAT OS (ARMV8-A)
		{1BDDBF17-E3DF-48D5-96F0-7F6C0205F469}.Release|TwinCAT HMI.ActiveCfg = Release|TwinCAT RT (x64)
		{1BDDBF17-E3DF-48D5-96F0-7F6C0205F469}.Release|TwinCAT HMI.Build.0 = Release|TwinCAT RT (x64)
		{1BDDBF17-E3DF-48D5-96F0-7F6C0205F469}.Release|TwinCAT OS (ARMT2).ActiveCfg = Release|TwinCAT OS (x64-E)
		{1BDDBF17-E3DF-48D5-96F0-7F6C0205F469}.Release|TwinCAT OS (ARMT2).Build.0 = Release|TwinCAT OS (x64-E)
		{1BDDBF17-E3DF-48D5-96F0-7F6C0205F469}.Release|TwinCAT OS (ARMV7-A).ActiveCfg = Release|TwinCAT OS (ARMV7-A)
		{1BDDBF17-E3DF-48D5-96F0-7F6C0205F469}.Release|TwinCAT OS (ARMV7-A).Build.0 = Release|TwinCAT OS (ARMV7-A)
		{1BDDBF17-E3DF-48D5-96F0-7F6C0205F469}.Release|TwinCAT OS (ARMV7-M).ActiveCfg = Release|TwinCAT OS (ARMV7-M)
		{1BDDBF17-E3DF-48D5-96F0-7F6C0205F469}.Release|TwinCAT OS (ARMV7-M).Build.0 = Release|TwinCAT OS (ARMV7-M)
		{1BDDBF17-E3DF-48D5-96F0-7F6C0205F469}.Release|TwinCAT OS (ARMV8-A).ActiveCfg = Release|TwinCAT OS (ARMV8-A)
		{1BDDBF17-E3DF-48D5-96F0-7F6C0205F469}.Release|TwinCAT OS (ARMV8-A).Build.0 = Release|TwinCAT OS (ARMV8-A)
		{1BDDBF17-E3DF-48D5-96F0-7F6C0205F469}.Release|TwinCAT OS (x64).ActiveCfg = Release|TwinCAT OS (x64)
		{1BDDBF17-E3DF-48D5-96F0-7F6C0205F469}.Release|TwinCAT OS (x64).Build.0 = Release|TwinCAT OS (x64)
		{1BDDBF17-E3DF-48D5-96F0-7F6C0205F469}.Release|TwinCAT OS (x64-E).ActiveCfg = Release|TwinCAT OS (x64-E)
		{1BDDBF17-E3DF-48D5-96F0-7F6C0205F469}.Release|TwinCAT OS (x64-E).Build.0 = Release|TwinCAT OS (x64-E)
		{1BDDBF17-E3DF-48D5-96F0-7F6C0205F469}.Release|TwinCAT RT (x64).ActiveCfg = Release|TwinCAT RT (x64)
		{1BDDBF17-E3DF-48D5-96F0-7F6C0205F469}.Release|TwinCAT RT (x64).Build.0 = Release|TwinCAT RT (x64)
		{1BDDBF17-E3DF-48D5-96F0-7F6C0205F469}.Release|TwinCAT RT (x86).ActiveCfg = Release|TwinCAT RT (x86)
		{1BDDBF17-E3DF-48D5-96F0-7F6C0205F469}.Release|TwinCAT RT (x86).Build.0 = Release|TwinCAT RT (x86)
	EndGlobalSection
	GlobalSection(SolutionProperties) = preSolution
		HideSolutionNode = FALSE
	EndGlobalSection
	GlobalSection(ExtensibilityGlobals) = postSolution
		SolutionGuid = {58DEA87E-93C0-4A75-9670-821D4AD0DB27}
	EndGlobalSection
EndGlobal
